
Microsoft Visual Studio Solution File, Format Version 12.00
# Visual Studio Version 17
VisualStudioVersion = 17.7.34003.232
MinimumVisualStudioVersion = 10.0.40219.1
Project("{FAE04EC0-301F-11D3-BF4B-00C04F79EFBC}") = "PA-PROYECTO-FINAL", "PA-PROYECTO-FINAL\PA-PROYECTO-FINAL.csproj", "{C8334755-D03B-476C-96E7-664000B645F2}"
EndProject
Global
	GlobalSection(SolutionConfigurationPlatforms) = preSolution
		Debug|Any CPU = Debug|Any CPU
		Release|Any CPU = Release|Any CPU
	EndGlobalSection
	GlobalSection(ProjectConfigurationPlatforms) = postSolution
		{C8334755-D03B-476C-96E7-664000B645F2}.Debug|Any CPU.ActiveCfg = Debug|Any CPU
		{C8334755-D03B-476C-96E7-664000B645F2}.Debug|Any CPU.Build.0 = Debug|Any CPU
		{C8334755-D03B-476C-96E7-664000B645F2}.Release|Any CPU.ActiveCfg = Release|Any CPU
		{C8334755-D03B-476C-96E7-664000B645F2}.Release|Any CPU.Build.0 = Release|Any CPU
	EndGlobalSection
	GlobalSection(SolutionProperties) = preSolution
		HideSolutionNode = FALSE
	EndGlobalSection
	GlobalSection(ExtensibilityGlobals) = postSolution
		SolutionGuid = {75E28579-F0C1-4D3D-8032-A8416402D6EB}
	EndGlobalSection
EndGlobal
